# This is a Gradle generated file for dependency locking.
# Manual edits can break the build and are not advised.
# This file is expected to be part of source control.
androidx.activity:activity:1.8.1=debugCompileClasspath,debugRuntimeClasspath,debugUnitTestCompileClasspath,debugUnitTestRuntimeClasspath,profileCompileClasspath,profileLintChecksClasspath,profileRuntimeClasspath,releaseCompileClasspath,releaseLintChecksClasspath,releaseRuntimeClasspath
androidx.annotation:annotation-experimental:1.4.1=debugCompileClasspath,debugRuntimeClasspath,debugUnitTestCompileClasspath,debugUnitTestRuntimeClasspath,profileCompileClasspath,profileLintChecksClasspath,profileRuntimeClasspath,releaseCompileClasspath,releaseLintChecksClasspath,releaseRuntimeClasspath
androidx.annotation:annotation-jvm:1.8.2=debugCompileClasspath,debugRuntimeClasspath,debugUnitTestCompileClasspath,debugUnitTestRuntimeClasspath,profileCompileClasspath,profileLintChecksClasspath,profileRuntimeClasspath,releaseCompileClasspath,releaseLintChecksClasspath,releaseRuntimeClasspath
androidx.annotation:annotation:1.8.1=debugCompileClasspath,debugRuntimeClasspath,debugUnitTestCompileClasspath,debugUnitTestRuntimeClasspath,profileCompileClasspath,profileLintChecksClasspath,profileRuntimeClasspath,releaseCompileClasspath,releaseLintChecksClasspath,releaseRuntimeClasspath
androidx.appcompat:appcompat-resources:1.2.0=debugRuntimeClasspath,debugUnitTestRuntimeClasspath,profileLintChecksClasspath,profileRuntimeClasspath,releaseLintChecksClasspath,releaseRuntimeClasspath
androidx.appcompat:appcompat:1.2.0=debugRuntimeClasspath,debugUnitTestRuntimeClasspath,profileLintChecksClasspath,profileRuntimeClasspath,releaseLintChecksClasspath,releaseRuntimeClasspath
androidx.arch.core:core-common:2.2.0=debugCompileClasspath,debugRuntimeClasspath,debugUnitTestCompileClasspath,debugUnitTestRuntimeClasspath,profileCompileClasspath,profileLintChecksClasspath,profileRuntimeClasspath,releaseCompileClasspath,releaseLintChecksClasspath,releaseRuntimeClasspath
androidx.arch.core:core-runtime:2.2.0=debugCompileClasspath,debugRuntimeClasspath,debugUnitTestCompileClasspath,debugUnitTestRuntimeClasspath,profileCompileClasspath,profileLintChecksClasspath,profileRuntimeClasspath,releaseCompileClasspath,releaseLintChecksClasspath,releaseRuntimeClasspath
androidx.biometric:biometric:1.1.0=debugCompileClasspath,debugRuntimeClasspath,debugUnitTestCompileClasspath,debugUnitTestRuntimeClasspath,profileCompileClasspath,profileLintChecksClasspath,profileRuntimeClasspath,releaseCompileClasspath,releaseLintChecksClasspath,releaseRuntimeClasspath
androidx.camera.featurecombinationquery:featurecombinationquery:1.6.1=debugRuntimeClasspath,debugUnitTestRuntimeClasspath,profileLintChecksClasspath,profileRuntimeClasspath,releaseLintChecksClasspath,releaseRuntimeClasspath
androidx.camera.viewfinder:viewfinder-core:1.5.1=debugRuntimeClasspath,debugUnitTestRuntimeClasspath,profileLintChecksClasspath,profileRuntimeClasspath,releaseLintChecksClasspath,releaseRuntimeClasspath
androidx.camera:camera-camera2-pipe:1.6.1=debugRuntimeClasspath,debugUnitTestRuntimeClasspath,profileLintChecksClasspath,profileRuntimeClasspath,releaseLintChecksClasspath,releaseRuntimeClasspath
androidx.camera:camera-camera2:1.6.1=debugCompileClasspath,debugRuntimeClasspath,debugUnitTestCompileClasspath,debugUnitTestRuntimeClasspath,profileCompileClasspath,profileLintChecksClasspath,profileRuntimeClasspath,releaseCompileClasspath,releaseLintChecksClasspath,releaseRuntimeClasspath
androidx.camera:camera-core:1.6.1=debugCompileClasspath,debugRuntimeClasspath,debugUnitTestCompileClasspath,debugUnitTestRuntimeClasspath,profileCompileClasspath,profileLintChecksClasspath,profileRuntimeClasspath,releaseCompileClasspath,releaseLintChecksClasspath,releaseRuntimeClasspath
androidx.camera:camera-lifecycle:1.6.1=debugCompileClasspath,debugRuntimeClasspath,debugUnitTestCompileClasspath,debugUnitTestRuntimeClasspath,profileCompileClasspath,profileLintChecksClasspath,profileRuntimeClasspath,releaseCompileClasspath,releaseLintChecksClasspath,releaseRuntimeClasspath
androidx.camera:camera-video:1.6.1=debugCompileClasspath,debugRuntimeClasspath,debugUnitTestCompileClasspath,debugUnitTestRuntimeClasspath,profileCompileClasspath,profileLintChecksClasspath,profileRuntimeClasspath,releaseCompileClasspath,releaseLintChecksClasspath,releaseRuntimeClasspath
androidx.camera:camera-view:1.6.1=debugCompileClasspath,debugRuntimeClasspath,debugUnitTestCompileClasspath,debugUnitTestRuntimeClasspath,profileCompileClasspath,profileLintChecksClasspath,profileRuntimeClasspath,releaseCompileClasspath,releaseLintChecksClasspath,releaseRuntimeClasspath
androidx.collection:collection:1.1.0=debugCompileClasspath,debugRuntimeClasspath,debugUnitTestCompileClasspath,debugUnitTestRuntimeClasspath,profileCompileClasspath,profileLintChecksClasspath,profileRuntimeClasspath,releaseCompileClasspath,releaseLintChecksClasspath,releaseRuntimeClasspath
androidx.concurrent:concurrent-futures-ktx:1.1.0=debugRuntimeClasspath,debugUnitTestRuntimeClasspath,profileLintChecksClasspath,profileRuntimeClasspath,releaseLintChecksClasspath,releaseRuntimeClasspath
androidx.concurrent:concurrent-futures:1.1.0=debugRuntimeClasspath,debugUnitTestRuntimeClasspath,profileLintChecksClasspath,profileRuntimeClasspath,releaseLintChecksClasspath,releaseRuntimeClasspath
androidx.core:core-backported-fixes:1.0.0=debugRuntimeClasspath,debugUnitTestRuntimeClasspath,profileLintChecksClasspath,profileRuntimeClasspath,releaseLintChecksClasspath,releaseRuntimeClasspath
androidx.core:core-ktx:1.13.1=debugRuntimeClasspath,debugUnitTestRuntimeClasspath,profileLintChecksClasspath,profileRuntimeClasspath,releaseLintChecksClasspath,releaseRuntimeClasspath
androidx.core:core-ktx:1.2.0=debugCompileClasspath,debugUnitTestCompileClasspath,profileCompileClasspath,releaseCompileClasspath
androidx.core:core:1.13.1=debugCompileClasspath,debugRuntimeClasspath,debugUnitTestCompileClasspath,debugUnitTestRuntimeClasspath,profileCompileClasspath,profileLintChecksClasspath,profileRuntimeClasspath,releaseCompileClasspath,releaseLintChecksClasspath,releaseRuntimeClasspath
androidx.cursoradapter:cursoradapter:1.0.0=debugRuntimeClasspath,debugUnitTestRuntimeClasspath,profileLintChecksClasspath,profileRuntimeClasspath,releaseLintChecksClasspath,releaseRuntimeClasspath
androidx.customview:customview:1.0.0=debugCompileClasspath,debugRuntimeClasspath,debugUnitTestCompileClasspath,debugUnitTestRuntimeClasspath,profileCompileClasspath,profileLintChecksClasspath,profileRuntimeClasspath,releaseCompileClasspath,releaseLintChecksClasspath,releaseRuntimeClasspath
androidx.datastore:datastore-android:1.1.7=debugRuntimeClasspath,debugUnitTestRuntimeClasspath,profileRuntimeClasspath,releaseRuntimeClasspath
androidx.datastore:datastore-core-android:1.1.7=debugRuntimeClasspath,debugUnitTestRuntimeClasspath,profileRuntimeClasspath,releaseRuntimeClasspath
androidx.datastore:datastore-core-jvm:1.1.7=profileLintChecksClasspath,releaseLintChecksClasspath
androidx.datastore:datastore-core-okio-jvm:1.1.7=debugRuntimeClasspath,debugUnitTestRuntimeClasspath,profileLintChecksClasspath,profileRuntimeClasspath,releaseLintChecksClasspath,releaseRuntimeClasspath
androidx.datastore:datastore-core-okio:1.1.7=debugRuntimeClasspath,debugUnitTestRuntimeClasspath,profileLintChecksClasspath,profileRuntimeClasspath,releaseLintChecksClasspath,releaseRuntimeClasspath
androidx.datastore:datastore-core:1.1.7=debugRuntimeClasspath,debugUnitTestRuntimeClasspath,profileLintChecksClasspath,profileRuntimeClasspath,releaseLintChecksClasspath,releaseRuntimeClasspath
androidx.datastore:datastore-jvm:1.1.7=profileLintChecksClasspath,releaseLintChecksClasspath
androidx.datastore:datastore-preferences-android:1.1.7=debugRuntimeClasspath,debugUnitTestRuntimeClasspath,profileRuntimeClasspath,releaseRuntimeClasspath
androidx.datastore:datastore-preferences-core-android:1.1.7=debugRuntimeClasspath,debugUnitTestRuntimeClasspath,profileRuntimeClasspath,releaseRuntimeClasspath
androidx.datastore:datastore-preferences-core-jvm:1.1.7=profileLintChecksClasspath,releaseLintChecksClasspath
androidx.datastore:datastore-preferences-core:1.1.7=debugRuntimeClasspath,debugUnitTestRuntimeClasspath,profileLintChecksClasspath,profileRuntimeClasspath,releaseLintChecksClasspath,releaseRuntimeClasspath
androidx.datastore:datastore-preferences-external-protobuf:1.1.7=debugRuntimeClasspath,debugUnitTestRuntimeClasspath,profileLintChecksClasspath,profileRuntimeClasspath,releaseLintChecksClasspath,releaseRuntimeClasspath
androidx.datastore:datastore-preferences-jvm:1.1.7=profileLintChecksClasspath,releaseLintChecksClasspath
androidx.datastore:datastore-preferences-proto:1.1.7=debugRuntimeClasspath,debugUnitTestRuntimeClasspath,profileLintChecksClasspath,profileRuntimeClasspath,releaseLintChecksClasspath,releaseRuntimeClasspath
androidx.datastore:datastore-preferences:1.1.7=debugRuntimeClasspath,debugUnitTestRuntimeClasspath,profileLintChecksClasspath,profileRuntimeClasspath,releaseLintChecksClasspath,releaseRuntimeClasspath
androidx.datastore:datastore:1.1.7=debugRuntimeClasspath,debugUnitTestRuntimeClasspath,profileLintChecksClasspath,profileRuntimeClasspath,releaseLintChecksClasspath,releaseRuntimeClasspath
androidx.documentfile:documentfile:1.0.0=debugRuntimeClasspath,debugUnitTestRuntimeClasspath,profileLintChecksClasspath,profileRuntimeClasspath,releaseLintChecksClasspath,releaseRuntimeClasspath
androidx.drawerlayout:drawerlayout:1.0.0=debugRuntimeClasspath,debugUnitTestRuntimeClasspath,profileLintChecksClasspath,profileRuntimeClasspath,releaseLintChecksClasspath,releaseRuntimeClasspath
androidx.exifinterface:exifinterface:1.4.1=debugCompileClasspath,debugUnitTestCompileClasspath,profileCompileClasspath,releaseCompileClasspath
androidx.exifinterface:exifinterface:1.4.2=debugRuntimeClasspath,debugUnitTestRuntimeClasspath,profileLintChecksClasspath,profileRuntimeClasspath,releaseLintChecksClasspath,releaseRuntimeClasspath
androidx.fragment:fragment:1.7.1=debugCompileClasspath,debugRuntimeClasspath,debugUnitTestCompileClasspath,debugUnitTestRuntimeClasspath,profileCompileClasspath,profileLintChecksClasspath,profileRuntimeClasspath,releaseCompileClasspath,releaseLintChecksClasspath,releaseRuntimeClasspath
androidx.interpolator:interpolator:1.0.0=debugRuntimeClasspath,debugUnitTestRuntimeClasspath,profileLintChecksClasspath,profileRuntimeClasspath,releaseLintChecksClasspath,releaseRuntimeClasspath
androidx.legacy:legacy-support-core-utils:1.0.0=debugRuntimeClasspath,debugUnitTestRuntimeClasspath,profileLintChecksClasspath,profileRuntimeClasspath,releaseLintChecksClasspath,releaseRuntimeClasspath
androidx.lifecycle:lifecycle-common-java8:2.7.0=debugCompileClasspath,debugRuntimeClasspath,debugUnitTestCompileClasspath,debugUnitTestRuntimeClasspath,profileCompileClasspath,profileLintChecksClasspath,profileRuntimeClasspath,releaseCompileClasspath,releaseLintChecksClasspath,releaseRuntimeClasspath
androidx.lifecycle:lifecycle-common:2.7.0=debugCompileClasspath,debugRuntimeClasspath,debugUnitTestCompileClasspath,debugUnitTestRuntimeClasspath,profileCompileClasspath,profileLintChecksClasspath,profileRuntimeClasspath,releaseCompileClasspath,releaseLintChecksClasspath,releaseRuntimeClasspath
androidx.lifecycle:lifecycle-livedata-core-ktx:2.7.0=debugCompileClasspath,debugRuntimeClasspath,debugUnitTestCompileClasspath,debugUnitTestRuntimeClasspath,profileCompileClasspath,profileLintChecksClasspath,profileRuntimeClasspath,releaseCompileClasspath,releaseLintChecksClasspath,releaseRuntimeClasspath
androidx.lifecycle:lifecycle-livedata-core:2.7.0=debugCompileClasspath,debugRuntimeClasspath,debugUnitTestCompileClasspath,debugUnitTestRuntimeClasspath,profileCompileClasspath,profileLintChecksClasspath,profileRuntimeClasspath,releaseCompileClasspath,releaseLintChecksClasspath,releaseRuntimeClasspath
androidx.lifecycle:lifecycle-livedata:2.7.0=debugCompileClasspath,debugRuntimeClasspath,debugUnitTestCompileClasspath,debugUnitTestRuntimeClasspath,profileCompileClasspath,profileLintChecksClasspath,profileRuntimeClasspath,releaseCompileClasspath,releaseLintChecksClasspath,releaseRuntimeClasspath
androidx.lifecycle:lifecycle-process:2.7.0=debugCompileClasspath,debugRuntimeClasspath,debugUnitTestCompileClasspath,debugUnitTestRuntimeClasspath,profileCompileClasspath,profileLintChecksClasspath,profileRuntimeClasspath,releaseCompileClasspath,releaseLintChecksClasspath,releaseRuntimeClasspath
androidx.lifecycle:lifecycle-runtime:2.7.0=debugCompileClasspath,debugRuntimeClasspath,debugUnitTestCompileClasspath,debugUnitTestRuntimeClasspath,profileCompileClasspath,profileLintChecksClasspath,profileRuntimeClasspath,releaseCompileClasspath,releaseLintChecksClasspath,releaseRuntimeClasspath
androidx.lifecycle:lifecycle-viewmodel-savedstate:2.7.0=debugCompileClasspath,debugRuntimeClasspath,debugUnitTestCompileClasspath,debugUnitTestRuntimeClasspath,profileCompileClasspath,profileLintChecksClasspath,profileRuntimeClasspath,releaseCompileClasspath,releaseLintChecksClasspath,releaseRuntimeClasspath
androidx.lifecycle:lifecycle-viewmodel:2.7.0=debugCompileClasspath,debugRuntimeClasspath,debugUnitTestCompileClasspath,debugUnitTestRuntimeClasspath,profileCompileClasspath,profileLintChecksClasspath,profileRuntimeClasspath,releaseCompileClasspath,releaseLintChecksClasspath,releaseRuntimeClasspath
androidx.loader:loader:1.0.0=debugCompileClasspath,debugRuntimeClasspath,debugUnitTestCompileClasspath,debugUnitTestRuntimeClasspath,profileCompileClasspath,profileLintChecksClasspath,profileRuntimeClasspath,releaseCompileClasspath,releaseLintChecksClasspath,releaseRuntimeClasspath
androidx.localbroadcastmanager:localbroadcastmanager:1.0.0=debugRuntimeClasspath,debugUnitTestRuntimeClasspath,profileLintChecksClasspath,profileRuntimeClasspath,releaseLintChecksClasspath,releaseRuntimeClasspath
androidx.media3:media3-common:1.9.0=debugRuntimeClasspath,debugUnitTestRuntimeClasspath,profileLintChecksClasspath,profileRuntimeClasspath,releaseLintChecksClasspath,releaseRuntimeClasspath
androidx.media3:media3-container:1.9.0=debugRuntimeClasspath,debugUnitTestRuntimeClasspath,profileLintChecksClasspath,profileRuntimeClasspath,releaseLintChecksClasspath,releaseRuntimeClasspath
androidx.media3:media3-muxer:1.9.0=debugRuntimeClasspath,debugUnitTestRuntimeClasspath,profileLintChecksClasspath,profileRuntimeClasspath,releaseLintChecksClasspath,releaseRuntimeClasspath
androidx.print:print:1.0.0=debugRuntimeClasspath,debugUnitTestRuntimeClasspath,profileLintChecksClasspath,profileRuntimeClasspath,releaseLintChecksClasspath,releaseRuntimeClasspath
androidx.profileinstaller:profileinstaller:1.3.1=debugRuntimeClasspath,debugUnitTestRuntimeClasspath,profileLintChecksClasspath,profileRuntimeClasspath,releaseLintChecksClasspath,releaseRuntimeClasspath
androidx.savedstate:savedstate:1.2.1=debugCompileClasspath,debugRuntimeClasspath,debugUnitTestCompileClasspath,debugUnitTestRuntimeClasspath,profileCompileClasspath,profileLintChecksClasspath,profileRuntimeClasspath,releaseCompileClasspath,releaseLintChecksClasspath,releaseRuntimeClasspath
androidx.startup:startup-runtime:1.1.1=debugCompileClasspath,debugRuntimeClasspath,debugUnitTestCompileClasspath,debugUnitTestRuntimeClasspath,profileCompileClasspath,profileLintChecksClasspath,profileRuntimeClasspath,releaseCompileClasspath,releaseLintChecksClasspath,releaseRuntimeClasspath
androidx.tracing:tracing-android:1.3.0=debugRuntimeClasspath,debugUnitTestRuntimeClasspath,profileLintChecksClasspath,profileRuntimeClasspath,releaseLintChecksClasspath,releaseRuntimeClasspath
androidx.tracing:tracing-ktx:1.3.0=debugRuntimeClasspath,debugUnitTestRuntimeClasspath,profileLintChecksClasspath,profileRuntimeClasspath,releaseLintChecksClasspath,releaseRuntimeClasspath
androidx.tracing:tracing:1.2.0=debugCompileClasspath,debugUnitTestCompileClasspath,profileCompileClasspath,releaseCompileClasspath
androidx.tracing:tracing:1.3.0=debugRuntimeClasspath,debugUnitTestRuntimeClasspath,profileLintChecksClasspath,profileRuntimeClasspath,releaseLintChecksClasspath,releaseRuntimeClasspath
androidx.vectordrawable:vectordrawable-animated:1.1.0=debugRuntimeClasspath,debugUnitTestRuntimeClasspath,profileLintChecksClasspath,profileRuntimeClasspath,releaseLintChecksClasspath,releaseRuntimeClasspath
androidx.vectordrawable:vectordrawable:1.1.0=debugRuntimeClasspath,debugUnitTestRuntimeClasspath,profileLintChecksClasspath,profileRuntimeClasspath,releaseLintChecksClasspath,releaseRuntimeClasspath
androidx.versionedparcelable:versionedparcelable:1.1.1=debugCompileClasspath,debugRuntimeClasspath,debugUnitTestCompileClasspath,debugUnitTestRuntimeClasspath,profileCompileClasspath,profileLintChecksClasspath,profileRuntimeClasspath,releaseCompileClasspath,releaseLintChecksClasspath,releaseRuntimeClasspath
androidx.viewpager:viewpager:1.0.0=debugCompileClasspath,debugRuntimeClasspath,debugUnitTestCompileClasspath,debugUnitTestRuntimeClasspath,profileCompileClasspath,profileLintChecksClasspath,profileRuntimeClasspath,releaseCompileClasspath,releaseLintChecksClasspath,releaseRuntimeClasspath
androidx.window.extensions.core:core:1.0.0=debugRuntimeClasspath,debugUnitTestRuntimeClasspath,profileLintChecksClasspath,profileRuntimeClasspath,releaseLintChecksClasspath,releaseRuntimeClasspath
androidx.window:window-java:1.2.0=debugCompileClasspath,debugRuntimeClasspath,debugUnitTestCompileClasspath,debugUnitTestRuntimeClasspath,profileCompileClasspath,profileLintChecksClasspath,profileRuntimeClasspath,releaseCompileClasspath,releaseLintChecksClasspath,releaseRuntimeClasspath
androidx.window:window:1.2.0=debugCompileClasspath,debugRuntimeClasspath,debugUnitTestCompileClasspath,debugUnitTestRuntimeClasspath,profileCompileClasspath,profileLintChecksClasspath,profileRuntimeClasspath,releaseCompileClasspath,releaseLintChecksClasspath,releaseRuntimeClasspath
com.getkeepsafe.relinker:relinker:1.4.5=debugCompileClasspath,debugRuntimeClasspath,debugUnitTestCompileClasspath,debugUnitTestRuntimeClasspath,profileCompileClasspath,profileLintChecksClasspath,profileRuntimeClasspath,releaseCompileClasspath,releaseLintChecksClasspath,releaseRuntimeClasspath
com.google.android.datatransport:transport-api:3.0.0=debugCompileClasspath,debugUnitTestCompileClasspath,profileCompileClasspath,releaseCompileClasspath
com.google.android.datatransport:transport-api:3.1.0=debugRuntimeClasspath,debugUnitTestRuntimeClasspath,profileLintChecksClasspath,profileRuntimeClasspath,releaseLintChecksClasspath,releaseRuntimeClasspath
com.google.android.datatransport:transport-backend-cct:3.1.9=debugCompileClasspath,debugRuntimeClasspath,debugUnitTestCompileClasspath,debugUnitTestRuntimeClasspath,profileCompileClasspath,profileLintChecksClasspath,profileRuntimeClasspath,releaseCompileClasspath,releaseLintChecksClasspath,releaseRuntimeClasspath
com.google.android.datatransport:transport-runtime:3.1.9=debugCompileClasspath,debugRuntimeClasspath,debugUnitTestCompileClasspath,debugUnitTestRuntimeClasspath,profileCompileClasspath,profileLintChecksClasspath,profileRuntimeClasspath,releaseCompileClasspath,releaseLintChecksClasspath,releaseRuntimeClasspath
com.google.android.gms:play-services-base:18.9.0=debugRuntimeClasspath,debugUnitTestRuntimeClasspath,profileLintChecksClasspath,profileRuntimeClasspath,releaseLintChecksClasspath,releaseRuntimeClasspath
com.google.android.gms:play-services-basement:18.8.0=debugCompileClasspath,debugUnitTestCompileClasspath,profileCompileClasspath,releaseCompileClasspath
com.google.android.gms:play-services-basement:18.9.0=debugRuntimeClasspath,debugUnitTestRuntimeClasspath,profileLintChecksClasspath,profileRuntimeClasspath,releaseLintChecksClasspath,releaseRuntimeClasspath
com.google.android.gms:play-services-cloud-messaging:17.4.0=debugRuntimeClasspath,debugUnitTestRuntimeClasspath,profileLintChecksClasspath,profileRuntimeClasspath,releaseLintChecksClasspath,releaseRuntimeClasspath
com.google.android.gms:play-services-stats:17.0.2=debugRuntimeClasspath,debugUnitTestRuntimeClasspath,profileLintChecksClasspath,profileRuntimeClasspath,releaseLintChecksClasspath,releaseRuntimeClasspath
com.google.android.gms:play-services-tasks:18.4.0=debugCompileClasspath,debugRuntimeClasspath,debugUnitTestCompileClasspath,debugUnitTestRuntimeClasspath,profileCompileClasspath,profileLintChecksClasspath,profileRuntimeClasspath,releaseCompileClasspath,releaseLintChecksClasspath,releaseRuntimeClasspath
com.google.auto.value:auto-value-annotations:1.6.3=debugRuntimeClasspath,debugUnitTestRuntimeClasspath,profileLintChecksClasspath,profileRuntimeClasspath,releaseLintChecksClasspath,releaseRuntimeClasspath
com.google.code.findbugs:jsr305:3.0.2=debugCompileClasspath,debugRuntimeClasspath,debugUnitTestCompileClasspath,debugUnitTestRuntimeClasspath,profileCompileClasspath,profileLintChecksClasspath,profileRuntimeClasspath,releaseCompileClasspath,releaseLintChecksClasspath,releaseRuntimeClasspath
com.google.code.gson:gson:2.13.2=debugCompileClasspath,debugRuntimeClasspath,debugUnitTestCompileClasspath,debugUnitTestRuntimeClasspath,profileCompileClasspath,profileLintChecksClasspath,profileRuntimeClasspath,releaseCompileClasspath,releaseLintChecksClasspath,releaseRuntimeClasspath
com.google.crypto.tink:tink-android:1.23.0=debugCompileClasspath,debugRuntimeClasspath,debugUnitTestCompileClasspath,debugUnitTestRuntimeClasspath,profileCompileClasspath,profileLintChecksClasspath,profileRuntimeClasspath,releaseCompileClasspath,releaseLintChecksClasspath,releaseRuntimeClasspath
com.google.dagger:dagger:2.59=debugRuntimeClasspath,debugUnitTestRuntimeClasspath,profileLintChecksClasspath,profileRuntimeClasspath,releaseLintChecksClasspath,releaseRuntimeClasspath
com.google.errorprone:error_prone_annotations:2.41.0=debugCompileClasspath,debugRuntimeClasspath,debugUnitTestCompileClasspath,debugUnitTestRuntimeClasspath,profileCompileClasspath,profileLintChecksClasspath,profileRuntimeClasspath,releaseCompileClasspath,releaseLintChecksClasspath,releaseRuntimeClasspath
com.google.firebase:firebase-annotations:17.0.0=debugCompileClasspath,debugRuntimeClasspath,debugUnitTestCompileClasspath,debugUnitTestRuntimeClasspath,profileCompileClasspath,profileLintChecksClasspath,profileRuntimeClasspath,releaseCompileClasspath,releaseLintChecksClasspath,releaseRuntimeClasspath
com.google.firebase:firebase-common:22.0.1=debugCompileClasspath,debugRuntimeClasspath,debugUnitTestCompileClasspath,debugUnitTestRuntimeClasspath,profileCompileClasspath,profileLintChecksClasspath,profileRuntimeClasspath,releaseCompileClasspath,releaseLintChecksClasspath,releaseRuntimeClasspath
com.google.firebase:firebase-components:19.0.0=debugCompileClasspath,debugRuntimeClasspath,debugUnitTestCompileClasspath,debugUnitTestRuntimeClasspath,profileCompileClasspath,profileLintChecksClasspath,profileRuntimeClasspath,releaseCompileClasspath,releaseLintChecksClasspath,releaseRuntimeClasspath
com.google.firebase:firebase-datatransport:18.2.0=debugCompileClasspath,debugRuntimeClasspath,debugUnitTestCompileClasspath,debugUnitTestRuntimeClasspath,profileCompileClasspath,profileLintChecksClasspath,profileRuntimeClasspath,releaseCompileClasspath,releaseLintChecksClasspath,releaseRuntimeClasspath
com.google.firebase:firebase-encoders-json:18.0.0=debugCompileClasspath,debugRuntimeClasspath,debugUnitTestCompileClasspath,debugUnitTestRuntimeClasspath,profileCompileClasspath,profileLintChecksClasspath,profileRuntimeClasspath,releaseCompileClasspath,releaseLintChecksClasspath,releaseRuntimeClasspath
com.google.firebase:firebase-encoders-proto:16.0.0=debugCompileClasspath,debugRuntimeClasspath,debugUnitTestCompileClasspath,debugUnitTestRuntimeClasspath,profileCompileClasspath,profileLintChecksClasspath,profileRuntimeClasspath,releaseCompileClasspath,releaseLintChecksClasspath,releaseRuntimeClasspath
com.google.firebase:firebase-encoders:17.0.0=debugCompileClasspath,debugRuntimeClasspath,debugUnitTestCompileClasspath,debugUnitTestRuntimeClasspath,profileCompileClasspath,profileLintChecksClasspath,profileRuntimeClasspath,releaseCompileClasspath,releaseLintChecksClasspath,releaseRuntimeClasspath
com.google.firebase:firebase-iid-interop:17.1.0=debugCompileClasspath,debugRuntimeClasspath,debugUnitTestCompileClasspath,debugUnitTestRuntimeClasspath,profileCompileClasspath,profileLintChecksClasspath,profileRuntimeClasspath,releaseCompileClasspath,releaseLintChecksClasspath,releaseRuntimeClasspath
com.google.firebase:firebase-installations-interop:17.3.0=debugCompileClasspath,debugRuntimeClasspath,debugUnitTestCompileClasspath,debugUnitTestRuntimeClasspath,profileCompileClasspath,profileLintChecksClasspath,profileRuntimeClasspath,releaseCompileClasspath,releaseLintChecksClasspath,releaseRuntimeClasspath
com.google.firebase:firebase-installations:19.1.1=debugCompileClasspath,debugRuntimeClasspath,debugUnitTestCompileClasspath,debugUnitTestRuntimeClasspath,profileCompileClasspath,profileLintChecksClasspath,profileRuntimeClasspath,releaseCompileClasspath,releaseLintChecksClasspath,releaseRuntimeClasspath
com.google.firebase:firebase-measurement-connector:19.0.0=debugCompileClasspath,debugRuntimeClasspath,debugUnitTestCompileClasspath,debugUnitTestRuntimeClasspath,profileCompileClasspath,profileLintChecksClasspath,profileRuntimeClasspath,releaseCompileClasspath,releaseLintChecksClasspath,releaseRuntimeClasspath
com.google.firebase:firebase-messaging:25.1.3=debugCompileClasspath,debugRuntimeClasspath,debugUnitTestCompileClasspath,debugUnitTestRuntimeClasspath,profileCompileClasspath,profileLintChecksClasspath,profileRuntimeClasspath,releaseCompileClasspath,releaseLintChecksClasspath,releaseRuntimeClasspath
com.google.guava:failureaccess:1.0.1=debugCompileClasspath,debugUnitTestCompileClasspath,profileCompileClasspath,releaseCompileClasspath
com.google.guava:failureaccess:1.0.2=debugRuntimeClasspath,debugUnitTestRuntimeClasspath,profileLintChecksClasspath,profileRuntimeClasspath,releaseLintChecksClasspath,releaseRuntimeClasspath
com.google.guava:guava:32.0.1-android=debugCompileClasspath,debugUnitTestCompileClasspath,profileCompileClasspath,releaseCompileClasspath
com.google.guava:guava:33.3.1-android=debugRuntimeClasspath,debugUnitTestRuntimeClasspath,profileLintChecksClasspath,profileRuntimeClasspath,releaseLintChecksClasspath,releaseRuntimeClasspath
com.google.guava:listenablefuture:9999.0-empty-to-avoid-conflict-with-guava=debugCompileClasspath,debugRuntimeClasspath,debugUnitTestCompileClasspath,debugUnitTestRuntimeClasspath,profileCompileClasspath,profileLintChecksClasspath,profileRuntimeClasspath,releaseCompileClasspath,releaseLintChecksClasspath,releaseRuntimeClasspath
com.google.j2objc:j2objc-annotations:2.8=debugCompileClasspath,debugUnitTestCompileClasspath,profileCompileClasspath,releaseCompileClasspath
com.google.j2objc:j2objc-annotations:3.0.0=debugRuntimeClasspath,debugUnitTestRuntimeClasspath,profileLintChecksClasspath,profileRuntimeClasspath,releaseLintChecksClasspath,releaseRuntimeClasspath
com.google.zxing:core:3.5.3=debugCompileClasspath,debugRuntimeClasspath,debugUnitTestCompileClasspath,debugUnitTestRuntimeClasspath,profileCompileClasspath,profileLintChecksClasspath,profileRuntimeClasspath,releaseCompileClasspath,releaseLintChecksClasspath,releaseRuntimeClasspath
com.squareup.okio:okio-jvm:3.4.0=debugRuntimeClasspath,debugUnitTestRuntimeClasspath,profileLintChecksClasspath,profileRuntimeClasspath,releaseLintChecksClasspath,releaseRuntimeClasspath
com.squareup.okio:okio:3.4.0=debugRuntimeClasspath,debugUnitTestRuntimeClasspath,profileLintChecksClasspath,profileRuntimeClasspath,releaseLintChecksClasspath,releaseRuntimeClasspath
io.flutter:arm64_v8a_debug:1.0.0-4c525dac5ebe5971c5708ef73558ed8edcf4a362=debugCompileClasspath,debugRuntimeClasspath,debugUnitTestCompileClasspath,debugUnitTestRuntimeClasspath
io.flutter:arm64_v8a_profile:1.0.0-4c525dac5ebe5971c5708ef73558ed8edcf4a362=profileCompileClasspath,profileLintChecksClasspath,profileRuntimeClasspath
io.flutter:arm64_v8a_release:1.0.0-4c525dac5ebe5971c5708ef73558ed8edcf4a362=releaseCompileClasspath,releaseLintChecksClasspath,releaseRuntimeClasspath
io.flutter:flutter_embedding_debug:1.0.0-4c525dac5ebe5971c5708ef73558ed8edcf4a362=debugCompileClasspath,debugRuntimeClasspath,debugUnitTestCompileClasspath,debugUnitTestRuntimeClasspath
io.flutter:flutter_embedding_profile:1.0.0-4c525dac5ebe5971c5708ef73558ed8edcf4a362=profileCompileClasspath,profileLintChecksClasspath,profileRuntimeClasspath
io.flutter:flutter_embedding_release:1.0.0-4c525dac5ebe5971c5708ef73558ed8edcf4a362=releaseCompileClasspath,releaseLintChecksClasspath,releaseRuntimeClasspath
jakarta.inject:jakarta.inject-api:2.0.1=debugRuntimeClasspath,debugUnitTestRuntimeClasspath,profileLintChecksClasspath,profileRuntimeClasspath,releaseLintChecksClasspath,releaseRuntimeClasspath
javax.inject:javax.inject:1=debugCompileClasspath,debugRuntimeClasspath,debugUnitTestCompileClasspath,debugUnitTestRuntimeClasspath,profileCompileClasspath,profileLintChecksClasspath,profileRuntimeClasspath,releaseCompileClasspath,releaseLintChecksClasspath,releaseRuntimeClasspath
junit:junit:4.13.2=debugUnitTestCompileClasspath,debugUnitTestRuntimeClasspath
org.checkerframework:checker-qual:3.33.0=debugCompileClasspath,debugUnitTestCompileClasspath,profileCompileClasspath,releaseCompileClasspath
org.checkerframework:checker-qual:3.43.0=debugRuntimeClasspath,debugUnitTestRuntimeClasspath,profileLintChecksClasspath,profileRuntimeClasspath,releaseLintChecksClasspath,releaseRuntimeClasspath
org.hamcrest:hamcrest-core:1.3=debugUnitTestCompileClasspath,debugUnitTestRuntimeClasspath
org.jetbrains.kotlin:kotlin-android-extensions-runtime:1.9.22=debugRuntimeClasspath,debugUnitTestRuntimeClasspath,profileRuntimeClasspath,releaseRuntimeClasspath
org.jetbrains.kotlin:kotlin-bom:1.8.0=debugRuntimeClasspath,debugUnitTestRuntimeClasspath,profileLintChecksClasspath,profileRuntimeClasspath,releaseLintChecksClasspath,releaseRuntimeClasspath
org.jetbrains.kotlin:kotlin-build-tools-api:2.3.20=kotlinBuildToolsApiClasspath
org.jetbrains.kotlin:kotlin-build-tools-compat:2.3.20=kotlinBuildToolsApiClasspath
org.jetbrains.kotlin:kotlin-build-tools-cri-impl:2.3.20=kotlinBuildToolsApiClasspath
org.jetbrains.kotlin:kotlin-build-tools-impl:2.3.20=kotlinBuildToolsApiClasspath
org.jetbrains.kotlin:kotlin-compiler-embeddable:2.3.20=kotlinBuildToolsApiClasspath
org.jetbrains.kotlin:kotlin-compiler-runner:2.3.20=kotlinBuildToolsApiClasspath
org.jetbrains.kotlin:kotlin-daemon-client:2.3.20=kotlinBuildToolsApiClasspath
org.jetbrains.kotlin:kotlin-daemon-embeddable:2.3.20=kotlinBuildToolsApiClasspath
org.jetbrains.kotlin:kotlin-parcelize-runtime:1.9.22=debugRuntimeClasspath,debugUnitTestRuntimeClasspath,profileRuntimeClasspath,releaseRuntimeClasspath
org.jetbrains.kotlin:kotlin-reflect:1.6.10=kotlinBuildToolsApiClasspath
org.jetbrains.kotlin:kotlin-script-runtime:2.3.20=kotlinBuildToolsApiClasspath
org.jetbrains.kotlin:kotlin-stdlib-common:2.3.20=debugRuntimeClasspath,debugUnitTestRuntimeClasspath,profileLintChecksClasspath,profileRuntimeClasspath,releaseLintChecksClasspath,releaseRuntimeClasspath
org.jetbrains.kotlin:kotlin-stdlib-jdk7:1.8.0=debugRuntimeClasspath,debugUnitTestRuntimeClasspath,profileLintChecksClasspath,profileRuntimeClasspath,releaseLintChecksClasspath,releaseRuntimeClasspath
org.jetbrains.kotlin:kotlin-stdlib-jdk8:1.8.0=debugRuntimeClasspath,debugUnitTestRuntimeClasspath,profileLintChecksClasspath,profileRuntimeClasspath,releaseLintChecksClasspath,releaseRuntimeClasspath
org.jetbrains.kotlin:kotlin-stdlib:2.3.20=debugCompileClasspath,debugRuntimeClasspath,debugUnitTestCompileClasspath,debugUnitTestRuntimeClasspath,kotlinBuildToolsApiClasspath,profileCompileClasspath,profileLintChecksClasspath,profileRuntimeClasspath,releaseCompileClasspath,releaseLintChecksClasspath,releaseRuntimeClasspath
org.jetbrains.kotlin:kotlin-tooling-core:2.3.20=kotlinBuildToolsApiClasspath
org.jetbrains.kotlinx:atomicfu-jvm:0.28.0=debugRuntimeClasspath,debugUnitTestRuntimeClasspath,profileLintChecksClasspath,profileRuntimeClasspath,releaseLintChecksClasspath,releaseRuntimeClasspath
org.jetbrains.kotlinx:atomicfu:0.28.0=debugRuntimeClasspath,debugUnitTestRuntimeClasspath,profileLintChecksClasspath,profileRuntimeClasspath,releaseLintChecksClasspath,releaseRuntimeClasspath
org.jetbrains.kotlinx:kotlinx-coroutines-android:1.9.0=debugCompileClasspath,debugRuntimeClasspath,debugUnitTestCompileClasspath,debugUnitTestRuntimeClasspath,profileCompileClasspath,profileLintChecksClasspath,profileRuntimeClasspath,releaseCompileClasspath,releaseLintChecksClasspath,releaseRuntimeClasspath
org.jetbrains.kotlinx:kotlinx-coroutines-bom:1.9.0=debugCompileClasspath,debugRuntimeClasspath,debugUnitTestCompileClasspath,debugUnitTestRuntimeClasspath,profileCompileClasspath,profileLintChecksClasspath,profileRuntimeClasspath,releaseCompileClasspath,releaseLintChecksClasspath,releaseRuntimeClasspath
org.jetbrains.kotlinx:kotlinx-coroutines-core-jvm:1.8.0=kotlinBuildToolsApiClasspath
org.jetbrains.kotlinx:kotlinx-coroutines-core-jvm:1.9.0=debugCompileClasspath,debugRuntimeClasspath,debugUnitTestCompileClasspath,debugUnitTestRuntimeClasspath,profileCompileClasspath,profileLintChecksClasspath,profileRuntimeClasspath,releaseCompileClasspath,releaseLintChecksClasspath,releaseRuntimeClasspath
org.jetbrains.kotlinx:kotlinx-coroutines-core:1.9.0=debugCompileClasspath,debugRuntimeClasspath,debugUnitTestCompileClasspath,debugUnitTestRuntimeClasspath,profileCompileClasspath,profileLintChecksClasspath,profileRuntimeClasspath,releaseCompileClasspath,releaseLintChecksClasspath,releaseRuntimeClasspath
org.jetbrains.kotlinx:kotlinx-coroutines-play-services:1.9.0=debugCompileClasspath,debugRuntimeClasspath,debugUnitTestCompileClasspath,debugUnitTestRuntimeClasspath,profileCompileClasspath,profileLintChecksClasspath,profileRuntimeClasspath,releaseCompileClasspath,releaseLintChecksClasspath,releaseRuntimeClasspath
org.jetbrains:annotations:13.0=kotlinBuildToolsApiClasspath
org.jetbrains:annotations:23.0.0=debugCompileClasspath,debugRuntimeClasspath,debugUnitTestCompileClasspath,debugUnitTestRuntimeClasspath,profileCompileClasspath,profileLintChecksClasspath,profileRuntimeClasspath,releaseCompileClasspath,releaseLintChecksClasspath,releaseRuntimeClasspath
org.jspecify:jspecify:1.0.0=debugCompileClasspath,debugRuntimeClasspath,debugUnitTestCompileClasspath,debugUnitTestRuntimeClasspath,profileCompileClasspath,profileLintChecksClasspath,profileRuntimeClasspath,releaseCompileClasspath,releaseLintChecksClasspath,releaseRuntimeClasspath
empty=androidApis,androidJdkImage,debugAnnotationProcessorClasspath,debugReverseMetadataValues,debugUnitTestAnnotationProcessorClasspath,kotlinCompilerPluginClasspathDebug,kotlinCompilerPluginClasspathDebugUnitTest,kotlinCompilerPluginClasspathProfile,kotlinCompilerPluginClasspathRelease,lintChecks,profileAnnotationProcessorClasspath,profileReverseMetadataValues,releaseAnnotationProcessorClasspath,releaseReverseMetadataValues
